
Microsoft Visual Studio Solution File, Format Version 12.00
# Visual Studio Version 17
VisualStudioVersion = 17.0.32112.339
MinimumVisualStudioVersion = 10.0.40219.1
Project("{9A19103F-16F7-4668-BE54-9A1E7A4F7556}") = "studenten_wpf", "studenten_wpf\studenten_wpf.csproj", "{09364BC3-B4A5-49A1-A3A7-9801B7F8A77D}"
EndProject
Project("{9A19103F-16F7-4668-BE54-9A1E7A4F7556}") = "studenten_models", "studenten_models\studenten_models.csproj", "{67C7298E-0469-4A59-BA5D-40015AD0555F}"
EndProject
Global
	GlobalSection(SolutionConfigurationPlatforms) = preSolution
		Debug|Any CPU = Debug|Any CPU
		Release|Any CPU = Release|Any CPU
	EndGlobalSection
	GlobalSection(ProjectConfigurationPlatforms) = postSolution
		{09364BC3-B4A5-49A1-A3A7-9801B7F8A77D}.Debug|Any CPU.ActiveCfg = Debug|Any CPU
		{09364BC3-B4A5-49A1-A3A7-9801B7F8A77D}.Debug|Any CPU.Build.0 = Debug|Any CPU
		{09364BC3-B4A5-49A1-A3A7-9801B7F8A77D}.Release|Any CPU.ActiveCfg = Release|Any CPU
		{09364BC3-B4A5-49A1-A3A7-9801B7F8A77D}.Release|Any CPU.Build.0 = Release|Any CPU
		{67C7298E-0469-4A59-BA5D-40015AD0555F}.Debug|Any CPU.ActiveCfg = Debug|Any CPU
		{67C7298E-0469-4A59-BA5D-40015AD0555F}.Debug|Any CPU.Build.0 = Debug|Any CPU
		{67C7298E-0469-4A59-BA5D-40015AD0555F}.Release|Any CPU.ActiveCfg = Release|Any CPU
		{67C7298E-0469-4A59-BA5D-40015AD0555F}.Release|Any CPU.Build.0 = Release|Any CPU
	EndGlobalSection
	GlobalSection(SolutionProperties) = preSolution
		HideSolutionNode = FALSE
	EndGlobalSection
	GlobalSection(ExtensibilityGlobals) = postSolution
		SolutionGuid = {5CFF0C1F-8985-4284-B011-1627E7312ACD}
	EndGlobalSection
EndGlobal
